{
  "lockfile_version": "1",
  "packages": {
    "actionlint@1.7.12": {
      "last_modified": "2026-07-23T05:10:05Z",
      "resolved": "github:NixOS/nixpkgs/7525d999cd850b9a488817abc89c75dc733acf17#actionlint",
      "source": "devbox-search",
      "version": "1.7.12",
      "systems": {
        "aarch64-darwin": {
          "outputs": [
            {
              "name": "out",
              "path": "/nix/store/lzmq195syay4hpqcfs2wzgjc8zb3yx3i-actionlint-1.7.12",
              "default": true
            }
          ],
          "store_path": "/nix/store/lzmq195syay4hpqcfs2wzgjc8zb3yx3i-actionlint-1.7.12"
        },
        "aarch64-linux": {
          "outputs": [
            {
              "name": "out",
              "path": "/nix/store/8im85sv1z35jm0qr818pa2wdq8m25n4f-actionlint-1.7.12",
              "default": true
            }
          ],
          "store_path": "/nix/store/8im85sv1z35jm0qr818pa2wdq8m25n4f-actionlint-1.7.12"
        },
        "x86_64-darwin": {
          "outputs": [
            {
              "name": "out",
              "path": "/nix/store/w4rjv0ikr5r5x54w758c8ck2016nmzsx-actionlint-1.7.12",
              "default": true
            }
          ],
          "store_path": "/nix/store/w4rjv0ikr5r5x54w758c8ck2016nmzsx-actionlint-1.7.12"
        },
        "x86_64-linux": {
          "outputs": [
            {
              "name": "out",
              "path": "/nix/store/pihkd9s6gpzbq6zy6ynwqg0iif3hwfdj-actionlint-1.7.12",
              "default": true
            }
          ],
          "store_path": "/nix/store/pihkd9s6gpzbq6zy6ynwqg0iif3hwfdj-actionlint-1.7.12"
        }
      }
    },
    "bubblewrap@latest": {
      "last_modified": "2026-08-01T16:34:20Z",
      "resolved": "github:NixOS/nixpkgs/a5cbcfe954791221bfffe2307f7d1a1bf61a871e#bubblewrap",
      "source": "devbox-search",
      "version": "0.11.2",
      "systems": {
        "aarch64-linux": {
          "outputs": [
            {
              "name": "out",
              "path": "/nix/store/yigcc7rb02pwxx5p6svn41fz0nkmcnlw-bubblewrap-0.11.2",
              "default": true
            },
            {
              "name": "dev",
              "path": "/nix/store/1cpmkzhmy96pf5pvm9l0cim2v9xlzap4-bubblewrap-0.11.2-dev"
            }
          ],
          "store_path": "/nix/store/yigcc7rb02pwxx5p6svn41fz0nkmcnlw-bubblewrap-0.11.2"
        },
        "x86_64-linux": {
          "outputs": [
            {
              "name": "out",
              "path": "/nix/store/x4m5ja2330if46sw08lgwwa57bqw9adm-bubblewrap-0.11.2",
              "default": true
            },
            {
              "name": "dev",
              "path": "/nix/store/1nmsc65mwdi8zs9kb0zvcjfihn05inc8-bubblewrap-0.11.2-dev"
            }
          ],
          "store_path": "/nix/store/x4m5ja2330if46sw08lgwwa57bqw9adm-bubblewrap-0.11.2"
        }
      }
    },
    "check-jsonschema@0.37.4": {
      "last_modified": "2026-07-23T05:10:05Z",
      "resolved": "github:NixOS/nixpkgs/7525d999cd850b9a488817abc89c75dc733acf17#check-jsonschema",
      "source": "devbox-search",
      "version": "0.37.4",
      "systems": {
        "aarch64-darwin": {
          "outputs": [
            {
              "name": "out",
              "path": "/nix/store/2y0s8ah8khvfz0mngsbh5lnfn8hnz993-check-jsonschema-0.37.4",
              "default": true
            },
            {
              "name": "dist",
              "path": "/nix/store/1qd5ck6sd7c45h2c7i9r0yfzhhrvrp5p-check-jsonschema-0.37.4-dist"
            }
          ],
          "store_path": "/nix/store/2y0s8ah8khvfz0mngsbh5lnfn8hnz993-check-jsonschema-0.37.4"
        },
        "aarch64-linux": {
          "outputs": [
            {
              "name": "out",
              "path": "/nix/store/m8v2famac8k37p5a0v7wanl8lpj4b5xg-check-jsonschema-0.37.4",
              "default": true
            },
            {
              "name": "dist",
              "path": "/nix/store/zbyzygv7zdcsl3lfblz293rd390c84kp-check-jsonschema-0.37.4-dist"
            }
          ],
          "store_path": "/nix/store/m8v2famac8k37p5a0v7wanl8lpj4b5xg-check-jsonschema-0.37.4"
        },
        "x86_64-darwin": {
          "outputs": [
            {
              "name": "out",
              "path": "/nix/store/2cryz9dsq7jshy7wsgp1hzqcxfksh532-check-jsonschema-0.37.4",
              "default": true
            },
            {
              "name": "dist",
              "path": "/nix/store/zbny3qw2jddalryx8qcghrgky7ca7fya-check-jsonschema-0.37.4-dist"
            }
          ],
          "store_path": "/nix/store/2cryz9dsq7jshy7wsgp1hzqcxfksh532-check-jsonschema-0.37.4"
        },
        "x86_64-linux": {
          "outputs": [
            {
              "name": "out",
              "path": "/nix/store/nqsicm0pywld65j2i7v59hi456g08c10-check-jsonschema-0.37.4",
              "default": true
            },
            {
              "name": "dist",
              "path": "/nix/store/n1hg7m8cqnx4xdhr502f9a7hicwy0s5z-check-jsonschema-0.37.4-dist"
            }
          ],
          "store_path": "/nix/store/nqsicm0pywld65j2i7v59hi456g08c10-check-jsonschema-0.37.4"
        }
      }
    },
    "findutils@4.10.0": {
      "last_modified": "2026-07-23T13:11:22Z",
      "resolved": "github:NixOS/nixpkgs/6d12004108e0e4a5cfa4bd83b14477f040b15773#findutils",
      "source": "devbox-search",
      "version": "4.10.0",
      "systems": {
        "aarch64-darwin": {
          "outputs": [
            {
              "name": "out",
              "path": "/nix/store/7p057vk9y6a1k665r9bc2bjxgqy456hg-findutils-4.10.0",
              "default": true
            },
            {
              "name": "info",
              "path": "/nix/store/8h41dg3igjy9llr78qq1kkr0m6lzk991-findutils-4.10.0-info"
            },
            {
              "name": "locate",
              "path": "/nix/store/kbd6bkcc6qraf7zf5jiz4kaf13aw8jv1-findutils-4.10.0-locate"
            }
          ],
          "store_path": "/nix/store/7p057vk9y6a1k665r9bc2bjxgqy456hg-findutils-4.10.0"
        },
        "aarch64-linux": {
          "outputs": [
            {
              "name": "out",
              "path": "/nix/store/47s1v9jk5hp88jwkkad6fzsyzq4hasla-findutils-4.10.0",
              "default": true
            },
            {
              "name": "info",
              "path": "/nix/store/l2m8dqn962m2n193bxx4mk20gclp6dbv-findutils-4.10.0-info"
            },
            {
              "name": "locate",
              "path": "/nix/store/kf3y536x84wmyr7k21ns77i0d8nlndlc-findutils-4.10.0-locate"
            }
          ],
          "store_path": "/nix/store/47s1v9jk5hp88jwkkad6fzsyzq4hasla-findutils-4.10.0"
        },
        "x86_64-darwin": {
          "outputs": [
            {
              "name": "out",
              "path": "/nix/store/lzlf2kma2qxsq6ijy9a9irc0g6n8cdpg-findutils-4.10.0",
              "default": true
            },
            {
              "name": "info",
              "path": "/nix/store/xadm4ryq6sx6njbw97p6fvfpdhapc52w-findutils-4.10.0-info"
            },
            {
              "name": "locate",
              "path": "/nix/store/f0y58n40x3ymy4q46jrl4ylynjzcl87g-findutils-4.10.0-locate"
            }
          ],
          "store_path": "/nix/store/lzlf2kma2qxsq6ijy9a9irc0g6n8cdpg-findutils-4.10.0"
        },
        "x86_64-linux": {
          "outputs": [
            {
              "name": "out",
              "path": "/nix/store/m1p6gxgxis75rn0d549ny2y8gpxjv9pd-findutils-4.10.0",
              "default": true
            },
            {
              "name": "locate",
              "path": "/nix/store/w0bj92hi90rbynfcry2b5rlcxmaxyggy-findutils-4.10.0-locate"
            },
            {
              "name": "info",
              "path": "/nix/store/w3rs6ifakwvr7gils096dd9jna3rz02i-findutils-4.10.0-info"
            }
          ],
          "store_path": "/nix/store/m1p6gxgxis75rn0d549ny2y8gpxjv9pd-findutils-4.10.0"
        }
      }
    },
    "github:NixOS/nixpkgs/nixpkgs-unstable": {
      "last_modified": "2026-07-29T04:59:45Z",
      "resolved": "github:NixOS/nixpkgs/9bc02893134c733dd85de46ee4fb2fac696b5529?lastModified=1785301185&narHash=sha256-eoS3KQTO0aPWXZvIaRbRAzSSHW3l5wdMFXtT1ISfoKA%3D"
    },
    "gnugrep@3.12": {
      "last_modified": "2026-07-23T05:10:05Z",
      "resolved": "github:NixOS/nixpkgs/7525d999cd850b9a488817abc89c75dc733acf17#gnugrep",
      "source": "devbox-search",
      "version": "3.12",
      "systems": {
        "aarch64-darwin": {
          "outputs": [
            {
              "name": "out",
              "path": "/nix/store/vph45zfv50gd0jqii29sr0ipzhadh4yj-gnugrep-3.12",
              "default": true
            },
            {
              "name": "info",
              "path": "/nix/store/2adxsnl0rnfs0nqikn3bzkyx73mpbq3v-gnugrep-3.12-info"
            }
          ],
          "store_path": "/nix/store/vph45zfv50gd0jqii29sr0ipzhadh4yj-gnugrep-3.12"
        },
        "aarch64-linux": {
          "outputs": [
            {
              "name": "out",
              "path": "/nix/store/2nh6fi7n4kx8h6d85gql22w6x13mlb5y-gnugrep-3.12",
              "default": true
            },
            {
              "name": "info",
              "path": "/nix/store/7mi7v5jranwfhanjfdggwids7vi8fha6-gnugrep-3.12-info"
            }
          ],
          "store_path": "/nix/store/2nh6fi7n4kx8h6d85gql22w6x13mlb5y-gnugrep-3.12"
        },
        "x86_64-darwin": {
          "outputs": [
            {
              "name": "out",
              "path": "/nix/store/c7yhik3dfpz5csbfc2v8lg0lgnfhz7wy-gnugrep-3.12",
              "default": true
            },
            {
              "name": "info",
              "path": "/nix/store/pyd0kfynkm5h94ms170a5fvaf4yy57gz-gnugrep-3.12-info"
            }
          ],
          "store_path": "/nix/store/c7yhik3dfpz5csbfc2v8lg0lgnfhz7wy-gnugrep-3.12"
        },
        "x86_64-linux": {
          "outputs": [
            {
              "name": "out",
              "path": "/nix/store/xj9dgyqrcq8hrf4mrkvbcp4pa3hgrbhy-gnugrep-3.12",
              "default": true
            },
            {
              "name": "info",
              "path": "/nix/store/pnnq4fw7nlchmd0kj8763qkqm4qdzd1c-gnugrep-3.12-info"
            }
          ],
          "store_path": "/nix/store/xj9dgyqrcq8hrf4mrkvbcp4pa3hgrbhy-gnugrep-3.12"
        }
      }
    },
    "jq@1.8.2": {
      "last_modified": "2026-07-23T13:11:22Z",
      "resolved": "github:NixOS/nixpkgs/6d12004108e0e4a5cfa4bd83b14477f040b15773#jq",
      "source": "devbox-search",
      "version": "1.8.2",
      "systems": {
        "aarch64-darwin": {
          "outputs": [
            {
              "name": "bin",
              "path": "/nix/store/1fi2mymhcrnjf4cz0z69plamcdqfnary-jq-1.8.2-bin",
              "default": true
            },
            {
              "name": "man",
              "path": "/nix/store/yl5bdw2pcn90ldqq7r3siwv9wbbkwd8v-jq-1.8.2-man",
              "default": true
            },
            {
              "name": "dev",
              "path": "/nix/store/i8qqb6bphlk58b71077fmadwbq15f1fx-jq-1.8.2-dev"
            },
            {
              "name": "doc",
              "path": "/nix/store/g2j9dyv54j9cdil6ixmwhcmk9p1hs4p4-jq-1.8.2-doc"
            },
            {
              "name": "out",
              "path": "/nix/store/swk3im3b74m5mq3fz70liv0a41gq5bg9-jq-1.8.2"
            }
          ],
          "store_path": "/nix/store/1fi2mymhcrnjf4cz0z69plamcdqfnary-jq-1.8.2-bin"
        },
        "aarch64-linux": {
          "outputs": [
            {
              "name": "bin",
              "path": "/nix/store/l18as28b4wwqds62yqci9l8xhhdhf78l-jq-1.8.2-bin",
              "default": true
            },
            {
              "name": "man",
              "path": "/nix/store/d4213dzz6zg89ga8dbnia2hjbzdcrdfh-jq-1.8.2-man",
              "default": true
            },
            {
              "name": "dev",
              "path": "/nix/store/n82y4hrj0kzw66q0c630r72a2vkf21p8-jq-1.8.2-dev"
            },
            {
              "name": "doc",
              "path": "/nix/store/5dq5m09dlqhm2nxaxqqmffdhzy7sp809-jq-1.8.2-doc"
            },
            {
              "name": "out",
              "path": "/nix/store/97hmn17vbpx0l0wbi4jc6hwr3pyy2zz3-jq-1.8.2"
            }
          ],
          "store_path": "/nix/store/l18as28b4wwqds62yqci9l8xhhdhf78l-jq-1.8.2-bin"
        },
        "x86_64-linux": {
          "outputs": [
            {
              "name": "bin",
              "path": "/nix/store/qqd37kj25f68wxmr9rg05850y9daxbrp-jq-1.8.2-bin",
              "default": true
            },
            {
              "name": "man",
              "path": "/nix/store/9bgnz6r8fb7kk09dzz94wf13lkz2rbbq-jq-1.8.2-man",
              "default": true
            },
            {
              "name": "dev",
              "path": "/nix/store/k39ljkrhbwjb1mahd45zk2w4x34d1345-jq-1.8.2-dev"
            },
            {
              "name": "doc",
              "path": "/nix/store/gygm29lm9w8c392lrk5a94izcghnk0n4-jq-1.8.2-doc"
            },
            {
              "name": "out",
              "path": "/nix/store/s75d4pw16pipr7xqczdw3mg5950cr8mk-jq-1.8.2"
            }
          ],
          "store_path": "/nix/store/qqd37kj25f68wxmr9rg05850y9daxbrp-jq-1.8.2-bin"
        }
      }
    },
    "melange": {
      "resolved": "github:NixOS/nixpkgs/9bc02893134c733dd85de46ee4fb2fac696b5529?narHash=sha256-eoS3KQTO0aPWXZvIaRbRAzSSHW3l5wdMFXtT1ISfoKA%3D#melange",
      "source": "nixpkg"
    },
    "python@3.13.14": {
      "last_modified": "2026-07-23T05:10:05Z",
      "plugin_version": "0.0.5",
      "resolved": "github:NixOS/nixpkgs/7525d999cd850b9a488817abc89c75dc733acf17#python313",
      "source": "devbox-search",
      "version": "3.13.14",
      "systems": {
        "aarch64-darwin": {
          "outputs": [
            {
              "name": "out",
              "path": "/nix/store/rry0klmcnwx2jg493w5li2p7i8q8zpdp-python3-3.13.14",
              "default": true
            }
          ],
          "store_path": "/nix/store/rry0klmcnwx2jg493w5li2p7i8q8zpdp-python3-3.13.14"
        },
        "aarch64-linux": {
          "outputs": [
            {
              "name": "out",
              "path": "/nix/store/vw3dn0k4igsk4gvddknhg5c3na3ypbh4-python3-3.13.14",
              "default": true
            },
            {
              "name": "debug",
              "path": "/nix/store/v0bkychrysyybxbzwsvsvlhakfy79qnn-python3-3.13.14-debug"
            }
          ],
          "store_path": "/nix/store/vw3dn0k4igsk4gvddknhg5c3na3ypbh4-python3-3.13.14"
        },
        "x86_64-linux": {
          "outputs": [
            {
              "name": "out",
              "path": "/nix/store/hwxyyva16ymysk5i1jwpx307gdlimiqm-python3-3.13.14",
              "default": true
            },
            {
              "name": "debug",
              "path": "/nix/store/fiwsb4kliylk13d93saxyjfhyd8b5bnf-python3-3.13.14-debug"
            }
          ],
          "store_path": "/nix/store/hwxyyva16ymysk5i1jwpx307gdlimiqm-python3-3.13.14"
        }
      }
    },
    "ruff@0.15.22": {
      "last_modified": "2026-07-23T05:10:05Z",
      "resolved": "github:NixOS/nixpkgs/7525d999cd850b9a488817abc89c75dc733acf17#ruff",
      "source": "devbox-search",
      "version": "0.15.22",
      "systems": {
        "aarch64-darwin": {
          "outputs": [
            {
              "name": "out",
              "path": "/nix/store/7yslxr6qh1n6kwxj7wzw1bplwc1imp36-ruff-0.15.22",
              "default": true
            }
          ],
          "store_path": "/nix/store/7yslxr6qh1n6kwxj7wzw1bplwc1imp36-ruff-0.15.22"
        },
        "aarch64-linux": {
          "outputs": [
            {
              "name": "out",
              "path": "/nix/store/xvx8cx5zzjrhmb9ar0afxl0hik8jdj79-ruff-0.15.22",
              "default": true
            }
          ],
          "store_path": "/nix/store/xvx8cx5zzjrhmb9ar0afxl0hik8jdj79-ruff-0.15.22"
        },
        "x86_64-linux": {
          "outputs": [
            {
              "name": "out",
              "path": "/nix/store/10dbhslywrm8g0jfgzfskiwpgnbsq4sb-ruff-0.15.22",
              "default": true
            }
          ],
          "store_path": "/nix/store/10dbhslywrm8g0jfgzfskiwpgnbsq4sb-ruff-0.15.22"
        }
      }
    },
    "shellcheck@0.11.0": {
      "last_modified": "2026-07-23T05:10:05Z",
      "resolved": "github:NixOS/nixpkgs/7525d999cd850b9a488817abc89c75dc733acf17#shellcheck",
      "source": "devbox-search",
      "version": "0.11.0",
      "systems": {
        "aarch64-darwin": {
          "outputs": [
            {
              "name": "bin",
              "path": "/nix/store/wh8gg40x023xn9n0rgsil9r2l95wbavi-shellcheck-0.11.0-bin",
              "default": true
            },
            {
              "name": "man",
              "path": "/nix/store/z6y07qmh1djgjqny0bjgyr6rhld9xwn9-shellcheck-0.11.0-man",
              "default": true
            },
            {
              "name": "doc",
              "path": "/nix/store/5012amxy82f9b2d6pxyspc2sk8mprvcy-shellcheck-0.11.0-doc",
              "default": true
            },
            {
              "name": "out",
              "path": "/nix/store/lifq4m2zckqx8la1y93sa9jbppaywk8a-shellcheck-0.11.0"
            }
          ],
          "store_path": "/nix/store/wh8gg40x023xn9n0rgsil9r2l95wbavi-shellcheck-0.11.0-bin"
        },
        "aarch64-linux": {
          "outputs": [
            {
              "name": "bin",
              "path": "/nix/store/9b1ggvsx71aavzf3sg1s3pkjjfl776pa-shellcheck-0.11.0-bin",
              "default": true
            },
            {
              "name": "man",
              "path": "/nix/store/6sgxmiifwgfpnaddg11k73p4cq71xcrn-shellcheck-0.11.0-man",
              "default": true
            },
            {
              "name": "doc",
              "path": "/nix/store/4mbdk0nkfiva25q3v4j85vs91ixaix3b-shellcheck-0.11.0-doc",
              "default": true
            },
            {
              "name": "out",
              "path": "/nix/store/zgly4zva6wjzvdp6d599s552ibkwczv4-shellcheck-0.11.0"
            }
          ],
          "store_path": "/nix/store/9b1ggvsx71aavzf3sg1s3pkjjfl776pa-shellcheck-0.11.0-bin"
        },
        "x86_64-darwin": {
          "outputs": [
            {
              "name": "bin",
              "path": "/nix/store/68yldspq5p1gxa79ghprb1njskk36ax2-shellcheck-0.11.0-bin",
              "default": true
            },
            {
              "name": "man",
              "path": "/nix/store/90d8x14kmdq8fa12d5azjwdnp4z55q8b-shellcheck-0.11.0-man",
              "default": true
            },
            {
              "name": "doc",
              "path": "/nix/store/4sk9v7wwdh2sia6wi3rknvvvm52wqg6r-shellcheck-0.11.0-doc",
              "default": true
            },
            {
              "name": "out",
              "path": "/nix/store/crl9a7fkfbpjbzgwj5nwpj57bmj7z940-shellcheck-0.11.0"
            }
          ],
          "store_path": "/nix/store/68yldspq5p1gxa79ghprb1njskk36ax2-shellcheck-0.11.0-bin"
        },
        "x86_64-linux": {
          "outputs": [
            {
              "name": "bin",
              "path": "/nix/store/9phb1flallb4fw685dlblzbqrh9qkphi-shellcheck-0.11.0-bin",
              "default": true
            },
            {
              "name": "man",
              "path": "/nix/store/jkp411xmhm8nqvxykjzfiz303fw6sshx-shellcheck-0.11.0-man",
              "default": true
            },
            {
              "name": "doc",
              "path": "/nix/store/8qq3p694mapmadi98dgcp4ig88lqpfq0-shellcheck-0.11.0-doc",
              "default": true
            },
            {
              "name": "out",
              "path": "/nix/store/34m1q0dfl1fxsakh63678ni2qndgy8mg-shellcheck-0.11.0"
            }
          ],
          "store_path": "/nix/store/9phb1flallb4fw685dlblzbqrh9qkphi-shellcheck-0.11.0-bin"
        }
      }
    },
    "uv@0.11.28": {
      "last_modified": "2026-07-23T05:10:05Z",
      "resolved": "github:NixOS/nixpkgs/7525d999cd850b9a488817abc89c75dc733acf17#uv",
      "source": "devbox-search",
      "version": "0.11.28",
      "systems": {
        "aarch64-darwin": {
          "outputs": [
            {
              "name": "out",
              "path": "/nix/store/yn36m1y6l2kmhx1dkqsmy3kf6acx77mz-uv-0.11.28",
              "default": true
            }
          ],
          "store_path": "/nix/store/yn36m1y6l2kmhx1dkqsmy3kf6acx77mz-uv-0.11.28"
        },
        "aarch64-linux": {
          "outputs": [
            {
              "name": "out",
              "path": "/nix/store/lj1akylx79l52f6yp3j2a55gf7s7vhx1-uv-0.11.28",
              "default": true
            }
          ],
          "store_path": "/nix/store/lj1akylx79l52f6yp3j2a55gf7s7vhx1-uv-0.11.28"
        },
        "x86_64-linux": {
          "outputs": [
            {
              "name": "out",
              "path": "/nix/store/zrq88ys031mx35ib1lb3xahcm4dsq71r-uv-0.11.28",
              "default": true
            }
          ],
          "store_path": "/nix/store/zrq88ys031mx35ib1lb3xahcm4dsq71r-uv-0.11.28"
        }
      }
    },
    "yamllint@1.37.1": {
      "last_modified": "2026-07-23T05:10:05Z",
      "resolved": "github:NixOS/nixpkgs/7525d999cd850b9a488817abc89c75dc733acf17#yamllint",
      "source": "devbox-search",
      "version": "1.37.1",
      "systems": {
        "aarch64-darwin": {
          "outputs": [
            {
              "name": "out",
              "path": "/nix/store/vpq8wahxdd29gy4fwpv8hh06q8sanax4-python3.14-yamllint-1.37.1",
              "default": true
            },
            {
              "name": "dist",
              "path": "/nix/store/p9m4br3vy8ygagdfgf5piwrm1jvp177k-python3.14-yamllint-1.37.1-dist"
            }
          ],
          "store_path": "/nix/store/vpq8wahxdd29gy4fwpv8hh06q8sanax4-python3.14-yamllint-1.37.1"
        },
        "aarch64-linux": {
          "outputs": [
            {
              "name": "out",
              "path": "/nix/store/0ia2dajvx3rfxgmgd7l7i32awmz7a6jv-python3.14-yamllint-1.37.1",
              "default": true
            },
            {
              "name": "dist",
              "path": "/nix/store/079c2pr55hkm0rqlxwkd8svm5sgxb5ld-python3.14-yamllint-1.37.1-dist"
            }
          ],
          "store_path": "/nix/store/0ia2dajvx3rfxgmgd7l7i32awmz7a6jv-python3.14-yamllint-1.37.1"
        },
        "x86_64-darwin": {
          "outputs": [
            {
              "name": "out",
              "path": "/nix/store/bif9hvk42ynby7sdw88lax0j51kzlr2n-python3.13-yamllint-1.37.1",
              "default": true
            },
            {
              "name": "dist",
              "path": "/nix/store/qa1dq7xly19afgn165nf6572b3q61w1s-python3.13-yamllint-1.37.1-dist"
            }
          ],
          "store_path": "/nix/store/bif9hvk42ynby7sdw88lax0j51kzlr2n-python3.13-yamllint-1.37.1"
        },
        "x86_64-linux": {
          "outputs": [
            {
              "name": "out",
              "path": "/nix/store/cvv7qh6zd5bw9zwbmirg5kvbhkqlknrj-python3.14-yamllint-1.37.1",
              "default": true
            },
            {
              "name": "dist",
              "path": "/nix/store/69dj6vs71fxpy71jy1cpdd7widcm6zxx-python3.14-yamllint-1.37.1-dist"
            }
          ],
          "store_path": "/nix/store/cvv7qh6zd5bw9zwbmirg5kvbhkqlknrj-python3.14-yamllint-1.37.1"
        }
      }
    }
  }
}
